# This file is automatically @generated by Cargo.
# It is not intended for manual editing.
[[package]]
name = "cosyc"
version = "0.0.1"
dependencies = [
 "libcosyc_diagnostics 0.0.1",
 "libcosyc_parser 0.0.1",
]

[[package]]
name = "libcosyc_diagnostics"
version = "0.0.1"
dependencies = [
 "libcosyc_syntax 0.0.1",
]

[[package]]
name = "libcosyc_parser"
version = "0.0.1"
dependencies = [
 "libcosyc_diagnostics 0.0.1",
 "libcosyc_syntax 0.0.1",
]

[[package]]
name = "libcosyc_syntax"
version = "0.0.1"

