# This file is automatically @generated by Cargo.
# It is not intended for manual editing.
[[package]]
name = "cosyc"
version = "0.0.1"
dependencies = [
 "libcosyc_diagnostics 0.0.1",
 "libcosyc_lexer 0.0.1",
]

[[package]]
name = "libcosyc_common"
version = "0.0.1"

[[package]]
name = "libcosyc_diagnostics"
version = "0.0.1"
dependencies = [
 "libcosyc_span 0.0.1",
]

[[package]]
name = "libcosyc_lexer"
version = "0.0.1"
dependencies = [
 "libcosyc_common 0.0.1",
 "libcosyc_diagnostics 0.0.1",
]

[[package]]
name = "libcosyc_span"
version = "0.0.1"

